// !$*UTF8*$!
{
	archiveVersion = 1;
	classes = {
	};
	objectVersion = 56;
	objects = {

/* Begin PBXBuildFile section */
		D6A6E3E82AFBFE63000C823B /* StreamChatSwiftUI in Frameworks */ = {isa = PBXBuildFile; productRef = D6A6E3E72AFBFE63000C823B /* StreamChatSwiftUI */; };
		D6A6E3EB2AFBFECD000C823B /* FirebaseAnalytics in Frameworks */ = {isa = PBXBuildFile; productRef = D6A6E3EA2AFBFECD000C823B /* FirebaseAnalytics */; };
		D6A6E3ED2AFBFECD000C823B /* FirebaseAnalyticsOnDeviceConversion in Frameworks */ = {isa = PBXBuildFile; productRef = D6A6E3EC2AFBFECD000C823B /* FirebaseAnalyticsOnDeviceConversion */; };
		D6A6E3EF2AFBFECD000C823B /* FirebaseAnalyticsSwift in Frameworks */ = {isa = PBXBuildFile; productRef = D6A6E3EE2AFBFECD000C823B /* FirebaseAnalyticsSwift */; };
		D6A6E3F12AFBFECE000C823B /* FirebaseAnalyticsWithoutAdIdSupport in Frameworks */ = {isa = PBXBuildFile; productRef = D6A6E3F02AFBFECE000C823B /* FirebaseAnalyticsWithoutAdIdSupport */; };
		D6A6E3F32AFBFECE000C823B /* FirebaseAppCheck in Frameworks */ = {isa = PBXBuildFile; productRef = D6A6E3F22AFBFECE000C823B /* FirebaseAppCheck */; };
		D6ACFD422AFBFB5E0055F639 /* GrenadineChatApp.swift in Sources */ = {isa = PBXBuildFile; fileRef = D6ACFD412AFBFB5E0055F639 /* GrenadineChatApp.swift */; };
		D6ACFD442AFBFB5E0055F639 /* TabBarView.swift in Sources */ = {isa = PBXBuildFile; fileRef = D6ACFD432AFBFB5E0055F639 /* TabBarView.swift */; };
		D6ACFD462AFBFB600055F639 /* Assets.xcassets in Resources */ = {isa = PBXBuildFile; fileRef = D6ACFD452AFBFB600055F639 /* Assets.xcassets */; };
		D6ACFD492AFBFB600055F639 /* Preview Assets.xcassets in Resources */ = {isa = PBXBuildFile; fileRef = D6ACFD482AFBFB600055F639 /* Preview Assets.xcassets */; };
		D6DBE81B2AFD0C7A00EAC47A /* AppDelegate.swift in Sources */ = {isa = PBXBuildFile; fileRef = D6DBE81A2AFD0C7A00EAC47A /* AppDelegate.swift */; };
		D6DBE81E2AFD0DEB00EAC47A /* ChatClient+shared.swift in Sources */ = {isa = PBXBuildFile; fileRef = D6DBE81D2AFD0DEB00EAC47A /* ChatClient+shared.swift */; };
		D6DBE8202AFD0EA300EAC47A /* AppConfigurator.swift in Sources */ = {isa = PBXBuildFile; fileRef = D6DBE81F2AFD0EA300EAC47A /* AppConfigurator.swift */; };
		D6DBE8222AFD111F00EAC47A /* StreamChatFactory.swift in Sources */ = {isa = PBXBuildFile; fileRef = D6DBE8212AFD111F00EAC47A /* StreamChatFactory.swift */; };
		D6DBE8242AFD144E00EAC47A /* AuthManager.swift in Sources */ = {isa = PBXBuildFile; fileRef = D6DBE8232AFD144E00EAC47A /* AuthManager.swift */; };
		D6DBE8272AFD14AA00EAC47A /* FirebaseAuth in Frameworks */ = {isa = PBXBuildFile; productRef = D6DBE8262AFD14AA00EAC47A /* FirebaseAuth */; };
		D6DBE82C2AFD186100EAC47A /* ChatClient+User.swift in Sources */ = {isa = PBXBuildFile; fileRef = D6DBE82B2AFD186100EAC47A /* ChatClient+User.swift */; };
		D6DBE8342AFD263C00EAC47A /* StreamViewModel.swift in Sources */ = {isa = PBXBuildFile; fileRef = D6DBE8332AFD263C00EAC47A /* StreamViewModel.swift */; };
		D6DBE8372AFD266B00EAC47A /* FileManager+Adds.swift in Sources */ = {isa = PBXBuildFile; fileRef = D6DBE8362AFD266B00EAC47A /* FileManager+Adds.swift */; };
		D6DBE8392AFD26ED00EAC47A /* Collections+Safe.swift in Sources */ = {isa = PBXBuildFile; fileRef = D6DBE8382AFD26ED00EAC47A /* Collections+Safe.swift */; };
		D6DBE83C2AFD274300EAC47A /* FileExtensionKind.swift in Sources */ = {isa = PBXBuildFile; fileRef = D6DBE83B2AFD274300EAC47A /* FileExtensionKind.swift */; };
		D6DBE8402AFD2F7400EAC47A /* ChannelListView.swift in Sources */ = {isa = PBXBuildFile; fileRef = D6DBE83F2AFD2F7400EAC47A /* ChannelListView.swift */; };
		D6DBE8422AFD307200EAC47A /* GrenadineViewModelFactory.swift in Sources */ = {isa = PBXBuildFile; fileRef = D6DBE8412AFD307200EAC47A /* GrenadineViewModelFactory.swift */; };
		D6DBE8442AFD32CF00EAC47A /* StreamViewFactory.swift in Sources */ = {isa = PBXBuildFile; fileRef = D6DBE8432AFD32CF00EAC47A /* StreamViewFactory.swift */; };
		D6DBE8472AFD33C300EAC47A /* CircleImageModifier.swift in Sources */ = {isa = PBXBuildFile; fileRef = D6DBE8462AFD33C300EAC47A /* CircleImageModifier.swift */; };
		D6DBE8492AFD356000EAC47A /* SearchUsersView.swift in Sources */ = {isa = PBXBuildFile; fileRef = D6DBE8482AFD356000EAC47A /* SearchUsersView.swift */; };
		D6DBE84B2AFD35A000EAC47A /* CreateNewGroupView.swift in Sources */ = {isa = PBXBuildFile; fileRef = D6DBE84A2AFD35A000EAC47A /* CreateNewGroupView.swift */; };
		D6DBE84D2AFD360800EAC47A /* NewGroupListView.swift in Sources */ = {isa = PBXBuildFile; fileRef = D6DBE84C2AFD360800EAC47A /* NewGroupListView.swift */; };
		D6DBE84F2AFD39A500EAC47A /* CreateNewGroupHeader.swift in Sources */ = {isa = PBXBuildFile; fileRef = D6DBE84E2AFD39A500EAC47A /* CreateNewGroupHeader.swift */; };
		D6DBE8512AFD39FE00EAC47A /* DirectChatChannelView.swift in Sources */ = {isa = PBXBuildFile; fileRef = D6DBE8502AFD39FE00EAC47A /* DirectChatChannelView.swift */; };
		D6DBE8532AFD3ED500EAC47A /* SearchUsersResultsView.swift in Sources */ = {isa = PBXBuildFile; fileRef = D6DBE8522AFD3ED500EAC47A /* SearchUsersResultsView.swift */; };
		D6DBE8552AFD3F1300EAC47A /* Date+Adds.swift in Sources */ = {isa = PBXBuildFile; fileRef = D6DBE8542AFD3F1300EAC47A /* Date+Adds.swift */; };
		D6DBE8572AFD454300EAC47A /* GoogleService-Info.plist in Resources */ = {isa = PBXBuildFile; fileRef = D6DBE8562AFD454300EAC47A /* GoogleService-Info.plist */; };
/* End PBXBuildFile section */

/* Begin PBXFileReference section */
		D6ACFD3E2AFBFB5E0055F639 /* GrenadineChat.app */ = {isa = PBXFileReference; explicitFileType = wrapper.application; includeInIndex = 0; path = GrenadineChat.app; sourceTree = BUILT_PRODUCTS_DIR; };
		D6ACFD412AFBFB5E0055F639 /* GrenadineChatApp.swift */ = {isa = PBXFileReference; lastKnownFileType = sourcecode.swift; path = GrenadineChatApp.swift; sourceTree = "<group>"; };
		D6ACFD432AFBFB5E0055F639 /* TabBarView.swift */ = {isa = PBXFileReference; lastKnownFileType = sourcecode.swift; path = TabBarView.swift; sourceTree = "<group>"; };
		D6ACFD452AFBFB600055F639 /* Assets.xcassets */ = {isa = PBXFileReference; lastKnownFileType = folder.assetcatalog; path = Assets.xcassets; sourceTree = "<group>"; };
		D6ACFD482AFBFB600055F639 /* Preview Assets.xcassets */ = {isa = PBXFileReference; lastKnownFileType = folder.assetcatalog; path = "Preview Assets.xcassets"; sourceTree = "<group>"; };
		D6DBE81A2AFD0C7A00EAC47A /* AppDelegate.swift */ = {isa = PBXFileReference; lastKnownFileType = sourcecode.swift; path = AppDelegate.swift; sourceTree = "<group>"; };
		D6DBE81D2AFD0DEB00EAC47A /* ChatClient+shared.swift */ = {isa = PBXFileReference; lastKnownFileType = sourcecode.swift; path = "ChatClient+shared.swift"; sourceTree = "<group>"; };
		D6DBE81F2AFD0EA300EAC47A /* AppConfigurator.swift */ = {isa = PBXFileReference; lastKnownFileType = sourcecode.swift; path = AppConfigurator.swift; sourceTree = "<group>"; };
		D6DBE8212AFD111F00EAC47A /* StreamChatFactory.swift */ = {isa = PBXFileReference; lastKnownFileType = sourcecode.swift; path = StreamChatFactory.swift; sourceTree = "<group>"; };
		D6DBE8232AFD144E00EAC47A /* AuthManager.swift */ = {isa = PBXFileReference; lastKnownFileType = sourcecode.swift; path = AuthManager.swift; sourceTree = "<group>"; };
		D6DBE82B2AFD186100EAC47A /* ChatClient+User.swift */ = {isa = PBXFileReference; lastKnownFileType = sourcecode.swift; path = "ChatClient+User.swift"; sourceTree = "<group>"; };
		D6DBE8332AFD263C00EAC47A /* StreamViewModel.swift */ = {isa = PBXFileReference; lastKnownFileType = sourcecode.swift; path = StreamViewModel.swift; sourceTree = "<group>"; };
		D6DBE8362AFD266B00EAC47A /* FileManager+Adds.swift */ = {isa = PBXFileReference; lastKnownFileType = sourcecode.swift; path = "FileManager+Adds.swift"; sourceTree = "<group>"; };
		D6DBE8382AFD26ED00EAC47A /* Collections+Safe.swift */ = {isa = PBXFileReference; lastKnownFileType = sourcecode.swift; path = "Collections+Safe.swift"; sourceTree = "<group>"; };
		D6DBE83B2AFD274300EAC47A /* FileExtensionKind.swift */ = {isa = PBXFileReference; lastKnownFileType = sourcecode.swift; path = FileExtensionKind.swift; sourceTree = "<group>"; };
		D6DBE83F2AFD2F7400EAC47A /* ChannelListView.swift */ = {isa = PBXFileReference; lastKnownFileType = sourcecode.swift; path = ChannelListView.swift; sourceTree = "<group>"; };
		D6DBE8412AFD307200EAC47A /* GrenadineViewModelFactory.swift */ = {isa = PBXFileReference; lastKnownFileType = sourcecode.swift; path = GrenadineViewModelFactory.swift; sourceTree = "<group>"; };
		D6DBE8432AFD32CF00EAC47A /* StreamViewFactory.swift */ = {isa = PBXFileReference; lastKnownFileType = sourcecode.swift; path = StreamViewFactory.swift; sourceTree = "<group>"; };
		D6DBE8462AFD33C300EAC47A /* CircleImageModifier.swift */ = {isa = PBXFileReference; lastKnownFileType = sourcecode.swift; path = CircleImageModifier.swift; sourceTree = "<group>"; };
		D6DBE8482AFD356000EAC47A /* SearchUsersView.swift */ = {isa = PBXFileReference; lastKnownFileType = sourcecode.swift; path = SearchUsersView.swift; sourceTree = "<group>"; };
		D6DBE84A2AFD35A000EAC47A /* CreateNewGroupView.swift */ = {isa = PBXFileReference; lastKnownFileType = sourcecode.swift; path = CreateNewGroupView.swift; sourceTree = "<group>"; };
		D6DBE84C2AFD360800EAC47A /* NewGroupListView.swift */ = {isa = PBXFileReference; lastKnownFileType = sourcecode.swift; path = NewGroupListView.swift; sourceTree = "<group>"; };
		D6DBE84E2AFD39A500EAC47A /* CreateNewGroupHeader.swift */ = {isa = PBXFileReference; lastKnownFileType = sourcecode.swift; path = CreateNewGroupHeader.swift; sourceTree = "<group>"; };
		D6DBE8502AFD39FE00EAC47A /* DirectChatChannelView.swift */ = {isa = PBXFileReference; lastKnownFileType = sourcecode.swift; path = DirectChatChannelView.swift; sourceTree = "<group>"; };
		D6DBE8522AFD3ED500EAC47A /* SearchUsersResultsView.swift */ = {isa = PBXFileReference; lastKnownFileType = sourcecode.swift; path = SearchUsersResultsView.swift; sourceTree = "<group>"; };
		D6DBE8542AFD3F1300EAC47A /* Date+Adds.swift */ = {isa = PBXFileReference; lastKnownFileType = sourcecode.swift; path = "Date+Adds.swift"; sourceTree = "<group>"; };
		D6DBE8562AFD454300EAC47A /* GoogleService-Info.plist */ = {isa = PBXFileReference; fileEncoding = 4; lastKnownFileType = text.plist.xml; path = "GoogleService-Info.plist"; sourceTree = "<group>"; };
/* End PBXFileReference section */

/* Begin PBXFrameworksBuildPhase section */
		D6ACFD3B2AFBFB5E0055F639 /* Frameworks */ = {
			isa = PBXFrameworksBuildPhase;
			buildActionMask = 2147483647;
			files = (
				D6A6E3EF2AFBFECD000C823B /* FirebaseAnalyticsSwift in Frameworks */,
				D6A6E3F12AFBFECE000C823B /* FirebaseAnalyticsWithoutAdIdSupport in Frameworks */,
				D6A6E3EB2AFBFECD000C823B /* FirebaseAnalytics in Frameworks */,
				D6A6E3ED2AFBFECD000C823B /* FirebaseAnalyticsOnDeviceConversion in Frameworks */,
				D6A6E3F32AFBFECE000C823B /* FirebaseAppCheck in Frameworks */,
				D6DBE8272AFD14AA00EAC47A /* FirebaseAuth in Frameworks */,
				D6A6E3E82AFBFE63000C823B /* StreamChatSwiftUI in Frameworks */,
			);
			runOnlyForDeploymentPostprocessing = 0;
		};
/* End PBXFrameworksBuildPhase section */

/* Begin PBXGroup section */
		D6ACFD352AFBFB5E0055F639 = {
			isa = PBXGroup;
			children = (
				D6ACFD402AFBFB5E0055F639 /* GrenadineChat */,
				D6ACFD3F2AFBFB5E0055F639 /* Products */,
				D6DBE8252AFD14AA00EAC47A /* Frameworks */,
			);
			sourceTree = "<group>";
		};
		D6ACFD3F2AFBFB5E0055F639 /* Products */ = {
			isa = PBXGroup;
			children = (
				D6ACFD3E2AFBFB5E0055F639 /* GrenadineChat.app */,
			);
			name = Products;
			sourceTree = "<group>";
		};
		D6ACFD402AFBFB5E0055F639 /* GrenadineChat */ = {
			isa = PBXGroup;
			children = (
				D6DBE8562AFD454300EAC47A /* GoogleService-Info.plist */,
				D6DBE83A2AFD273800EAC47A /* Models */,
				D6DBE8352AFD265B00EAC47A /* Extensions */,
				D6DBE8302AFD261B00EAC47A /* Flows */,
				D6DBE81C2AFD0DD600EAC47A /* Helpers */,
				D6ACFD412AFBFB5E0055F639 /* GrenadineChatApp.swift */,
				D6ACFD452AFBFB600055F639 /* Assets.xcassets */,
				D6ACFD472AFBFB600055F639 /* Preview Content */,
				D6DBE81A2AFD0C7A00EAC47A /* AppDelegate.swift */,
			);
			path = GrenadineChat;
			sourceTree = "<group>";
		};
		D6ACFD472AFBFB600055F639 /* Preview Content */ = {
			isa = PBXGroup;
			children = (
				D6ACFD482AFBFB600055F639 /* Preview Assets.xcassets */,
			);
			path = "Preview Content";
			sourceTree = "<group>";
		};
		D6DBE81C2AFD0DD600EAC47A /* Helpers */ = {
			isa = PBXGroup;
			children = (
				D6DBE8452AFD33BB00EAC47A /* Modifiers */,
				D6DBE82F2AFD18F700EAC47A /* Factories */,
				D6DBE82E2AFD18E300EAC47A /* Configurators */,
				D6DBE82D2AFD18CD00EAC47A /* ChatClient */,
				D6DBE8282AFD14CF00EAC47A /* Auth */,
			);
			path = Helpers;
			sourceTree = "<group>";
		};
		D6DBE8252AFD14AA00EAC47A /* Frameworks */ = {
			isa = PBXGroup;
			children = (
			);
			name = Frameworks;
			sourceTree = "<group>";
		};
		D6DBE8282AFD14CF00EAC47A /* Auth */ = {
			isa = PBXGroup;
			children = (
				D6DBE8232AFD144E00EAC47A /* AuthManager.swift */,
			);
			path = Auth;
			sourceTree = "<group>";
		};
		D6DBE82D2AFD18CD00EAC47A /* ChatClient */ = {
			isa = PBXGroup;
			children = (
				D6DBE81D2AFD0DEB00EAC47A /* ChatClient+shared.swift */,
				D6DBE82B2AFD186100EAC47A /* ChatClient+User.swift */,
			);
			path = ChatClient;
			sourceTree = "<group>";
		};
		D6DBE82E2AFD18E300EAC47A /* Configurators */ = {
			isa = PBXGroup;
			children = (
				D6DBE81F2AFD0EA300EAC47A /* AppConfigurator.swift */,
			);
			path = Configurators;
			sourceTree = "<group>";
		};
		D6DBE82F2AFD18F700EAC47A /* Factories */ = {
			isa = PBXGroup;
			children = (
				D6DBE8212AFD111F00EAC47A /* StreamChatFactory.swift */,
				D6DBE8412AFD307200EAC47A /* GrenadineViewModelFactory.swift */,
				D6DBE8432AFD32CF00EAC47A /* StreamViewFactory.swift */,
			);
			path = Factories;
			sourceTree = "<group>";
		};
		D6DBE8302AFD261B00EAC47A /* Flows */ = {
			isa = PBXGroup;
			children = (
				D6DBE83E2AFD2F1400EAC47A /* TabBar */,
				D6DBE8312AFD262500EAC47A /* Chats */,
			);
			path = Flows;
			sourceTree = "<group>";
		};
		D6DBE8312AFD262500EAC47A /* Chats */ = {
			isa = PBXGroup;
			children = (
				D6DBE83D2AFD2EC000EAC47A /* View */,
				D6DBE8322AFD262F00EAC47A /* ViewModel */,
			);
			path = Chats;
			sourceTree = "<group>";
		};
		D6DBE8322AFD262F00EAC47A /* ViewModel */ = {
			isa = PBXGroup;
			children = (
				D6DBE8332AFD263C00EAC47A /* StreamViewModel.swift */,
			);
			path = ViewModel;
			sourceTree = "<group>";
		};
		D6DBE8352AFD265B00EAC47A /* Extensions */ = {
			isa = PBXGroup;
			children = (
				D6DBE8362AFD266B00EAC47A /* FileManager+Adds.swift */,
				D6DBE8382AFD26ED00EAC47A /* Collections+Safe.swift */,
				D6DBE8542AFD3F1300EAC47A /* Date+Adds.swift */,
			);
			path = Extensions;
			sourceTree = "<group>";
		};
		D6DBE83A2AFD273800EAC47A /* Models */ = {
			isa = PBXGroup;
			children = (
				D6DBE83B2AFD274300EAC47A /* FileExtensionKind.swift */,
			);
			path = Models;
			sourceTree = "<group>";
		};
		D6DBE83D2AFD2EC000EAC47A /* View */ = {
			isa = PBXGroup;
			children = (
				D6DBE83F2AFD2F7400EAC47A /* ChannelListView.swift */,
				D6DBE8482AFD356000EAC47A /* SearchUsersView.swift */,
				D6DBE84A2AFD35A000EAC47A /* CreateNewGroupView.swift */,
				D6DBE84C2AFD360800EAC47A /* NewGroupListView.swift */,
				D6DBE84E2AFD39A500EAC47A /* CreateNewGroupHeader.swift */,
				D6DBE8502AFD39FE00EAC47A /* DirectChatChannelView.swift */,
				D6DBE8522AFD3ED500EAC47A /* SearchUsersResultsView.swift */,
			);
			path = View;
			sourceTree = "<group>";
		};
		D6DBE83E2AFD2F1400EAC47A /* TabBar */ = {
			isa = PBXGroup;
			children = (
				D6ACFD432AFBFB5E0055F639 /* TabBarView.swift */,
			);
			path = TabBar;
			sourceTree = "<group>";
		};
		D6DBE8452AFD33BB00EAC47A /* Modifiers */ = {
			isa = PBXGroup;
			children = (
				D6DBE8462AFD33C300EAC47A /* CircleImageModifier.swift */,
			);
			path = Modifiers;
			sourceTree = "<group>";
		};
/* End PBXGroup section */

/* Begin PBXNativeTarget section */
		D6ACFD3D2AFBFB5E0055F639 /* GrenadineChat */ = {
			isa = PBXNativeTarget;
			buildConfigurationList = D6ACFD4C2AFBFB600055F639 /* Build configuration list for PBXNativeTarget "GrenadineChat" */;
			buildPhases = (
				D6ACFD3A2AFBFB5E0055F639 /* Sources */,
				D6ACFD3B2AFBFB5E0055F639 /* Frameworks */,
				D6ACFD3C2AFBFB5E0055F639 /* Resources */,
			);
			buildRules = (
			);
			dependencies = (
			);
			name = GrenadineChat;
			packageProductDependencies = (
				D6A6E3E72AFBFE63000C823B /* StreamChatSwiftUI */,
				D6A6E3EA2AFBFECD000C823B /* FirebaseAnalytics */,
				D6A6E3EC2AFBFECD000C823B /* FirebaseAnalyticsOnDeviceConversion */,
				D6A6E3EE2AFBFECD000C823B /* FirebaseAnalyticsSwift */,
				D6A6E3F02AFBFECE000C823B /* FirebaseAnalyticsWithoutAdIdSupport */,
				D6A6E3F22AFBFECE000C823B /* FirebaseAppCheck */,
				D6DBE8262AFD14AA00EAC47A /* FirebaseAuth */,
			);
			productName = GrenadineChat;
			productReference = D6ACFD3E2AFBFB5E0055F639 /* GrenadineChat.app */;
			productType = "com.apple.product-type.application";
		};
/* End PBXNativeTarget section */

/* Begin PBXProject section */
		D6ACFD362AFBFB5E0055F639 /* Project object */ = {
			isa = PBXProject;
			attributes = {
				BuildIndependentTargetsInParallel = 1;
				LastSwiftUpdateCheck = 1500;
				LastUpgradeCheck = 1500;
				TargetAttributes = {
					D6ACFD3D2AFBFB5E0055F639 = {
						CreatedOnToolsVersion = 15.0.1;
					};
				};
			};
			buildConfigurationList = D6ACFD392AFBFB5E0055F639 /* Build configuration list for PBXProject "GrenadineChat" */;
			compatibilityVersion = "Xcode 14.0";
			developmentRegion = en;
			hasScannedForEncodings = 0;
			knownRegions = (
				en,
				Base,
			);
			mainGroup = D6ACFD352AFBFB5E0055F639;
			packageReferences = (
				D6A6E3E62AFBFE63000C823B /* XCRemoteSwiftPackageReference "stream-chat-swiftui" */,
				D6A6E3E92AFBFECD000C823B /* XCRemoteSwiftPackageReference "firebase-ios-sdk" */,
			);
			productRefGroup = D6ACFD3F2AFBFB5E0055F639 /* Products */;
			projectDirPath = "";
			projectRoot = "";
			targets = (
				D6ACFD3D2AFBFB5E0055F639 /* GrenadineChat */,
			);
		};
/* End PBXProject section */

/* Begin PBXResourcesBuildPhase section */
		D6ACFD3C2AFBFB5E0055F639 /* Resources */ = {
			isa = PBXResourcesBuildPhase;
			buildActionMask = 2147483647;
			files = (
				D6ACFD492AFBFB600055F639 /* Preview Assets.xcassets in Resources */,
				D6ACFD462AFBFB600055F639 /* Assets.xcassets in Resources */,
				D6DBE8572AFD454300EAC47A /* GoogleService-Info.plist in Resources */,
			);
			runOnlyForDeploymentPostprocessing = 0;
		};
/* End PBXResourcesBuildPhase section */

/* Begin PBXSourcesBuildPhase section */
		D6ACFD3A2AFBFB5E0055F639 /* Sources */ = {
			isa = PBXSourcesBuildPhase;
			buildActionMask = 2147483647;
			files = (
				D6DBE8202AFD0EA300EAC47A /* AppConfigurator.swift in Sources */,
				D6DBE83C2AFD274300EAC47A /* FileExtensionKind.swift in Sources */,
				D6DBE8402AFD2F7400EAC47A /* ChannelListView.swift in Sources */,
				D6DBE82C2AFD186100EAC47A /* ChatClient+User.swift in Sources */,
				D6DBE81B2AFD0C7A00EAC47A /* AppDelegate.swift in Sources */,
				D6DBE8492AFD356000EAC47A /* SearchUsersView.swift in Sources */,
				D6DBE8472AFD33C300EAC47A /* CircleImageModifier.swift in Sources */,
				D6DBE8392AFD26ED00EAC47A /* Collections+Safe.swift in Sources */,
				D6DBE8552AFD3F1300EAC47A /* Date+Adds.swift in Sources */,
				D6DBE8242AFD144E00EAC47A /* AuthManager.swift in Sources */,
				D6DBE8532AFD3ED500EAC47A /* SearchUsersResultsView.swift in Sources */,
				D6DBE8342AFD263C00EAC47A /* StreamViewModel.swift in Sources */,
				D6DBE8442AFD32CF00EAC47A /* StreamViewFactory.swift in Sources */,
				D6DBE8222AFD111F00EAC47A /* StreamChatFactory.swift in Sources */,
				D6ACFD442AFBFB5E0055F639 /* TabBarView.swift in Sources */,
				D6DBE8372AFD266B00EAC47A /* FileManager+Adds.swift in Sources */,
				D6ACFD422AFBFB5E0055F639 /* GrenadineChatApp.swift in Sources */,
				D6DBE84B2AFD35A000EAC47A /* CreateNewGroupView.swift in Sources */,
				D6DBE8512AFD39FE00EAC47A /* DirectChatChannelView.swift in Sources */,
				D6DBE84F2AFD39A500EAC47A /* CreateNewGroupHeader.swift in Sources */,
				D6DBE81E2AFD0DEB00EAC47A /* ChatClient+shared.swift in Sources */,
				D6DBE84D2AFD360800EAC47A /* NewGroupListView.swift in Sources */,
				D6DBE8422AFD307200EAC47A /* GrenadineViewModelFactory.swift in Sources */,
			);
			runOnlyForDeploymentPostprocessing = 0;
		};
/* End PBXSourcesBuildPhase section */

/* Begin XCBuildConfiguration section */
		D6ACFD4A2AFBFB600055F639 /* Debug */ = {
			isa = XCBuildConfiguration;
			buildSettings = {
				ALWAYS_SEARCH_USER_PATHS = NO;
				ASSETCATALOG_COMPILER_GENERATE_SWIFT_ASSET_SYMBOL_EXTENSIONS = YES;
				CLANG_ANALYZER_NONNULL = YES;
				CLANG_ANALYZER_NUMBER_OBJECT_CONVERSION = YES_AGGRESSIVE;
				CLANG_CXX_LANGUAGE_STANDARD = "gnu++20";
				CLANG_ENABLE_MODULES = YES;
				CLANG_ENABLE_OBJC_ARC = YES;
				CLANG_ENABLE_OBJC_WEAK = YES;
				CLANG_WARN_BLOCK_CAPTURE_AUTORELEASING = YES;
				CLANG_WARN_BOOL_CONVERSION = YES;
				CLANG_WARN_COMMA = YES;
				CLANG_WARN_CONSTANT_CONVERSION = YES;
				CLANG_WARN_DEPRECATED_OBJC_IMPLEMENTATIONS = YES;
				CLANG_WARN_DIRECT_OBJC_ISA_USAGE = YES_ERROR;
				CLANG_WARN_DOCUMENTATION_COMMENTS = YES;
				CLANG_WARN_EMPTY_BODY = YES;
				CLANG_WARN_ENUM_CONVERSION = YES;
				CLANG_WARN_INFINITE_RECURSION = YES;
				CLANG_WARN_INT_CONVERSION = YES;
				CLANG_WARN_NON_LITERAL_NULL_CONVERSION = YES;
				CLANG_WARN_OBJC_IMPLICIT_RETAIN_SELF = YES;
				CLANG_WARN_OBJC_LITERAL_CONVERSION = YES;
				CLANG_WARN_OBJC_ROOT_CLASS = YES_ERROR;
				CLANG_WARN_QUOTED_INCLUDE_IN_FRAMEWORK_HEADER = YES;
				CLANG_WARN_RANGE_LOOP_ANALYSIS = YES;
				CLANG_WARN_STRICT_PROTOTYPES = YES;
				CLANG_WARN_SUSPICIOUS_MOVE = YES;
				CLANG_WARN_UNGUARDED_AVAILABILITY = YES_AGGRESSIVE;
				CLANG_WARN_UNREACHABLE_CODE = YES;
				CLANG_WARN__DUPLICATE_METHOD_MATCH = YES;
				COPY_PHASE_STRIP = NO;
				DEBUG_INFORMATION_FORMAT = dwarf;
				ENABLE_STRICT_OBJC_MSGSEND = YES;
				ENABLE_TESTABILITY = YES;
				ENABLE_USER_SCRIPT_SANDBOXING = YES;
				GCC_C_LANGUAGE_STANDARD = gnu17;
				GCC_DYNAMIC_NO_PIC = NO;
				GCC_NO_COMMON_BLOCKS = YES;
				GCC_OPTIMIZATION_LEVEL = 0;
				GCC_PREPROCESSOR_DEFINITIONS = (
					"DEBUG=1",
					"$(inherited)",
				);
				GCC_WARN_64_TO_32_BIT_CONVERSION = YES;
				GCC_WARN_ABOUT_RETURN_TYPE = YES_ERROR;
				GCC_WARN_UNDECLARED_SELECTOR = YES;
				GCC_WARN_UNINITIALIZED_AUTOS = YES_AGGRESSIVE;
				GCC_WARN_UNUSED_FUNCTION = YES;
				GCC_WARN_UNUSED_VARIABLE = YES;
				IPHONEOS_DEPLOYMENT_TARGET = 17.0;
				LOCALIZATION_PREFERS_STRING_CATALOGS = YES;
				MTL_ENABLE_DEBUG_INFO = INCLUDE_SOURCE;
				MTL_FAST_MATH = YES;
				ONLY_ACTIVE_ARCH = YES;
				SDKROOT = iphoneos;
				SWIFT_ACTIVE_COMPILATION_CONDITIONS = "DEBUG $(inherited)";
				SWIFT_OPTIMIZATION_LEVEL = "-Onone";
			};
			name = Debug;
		};
		D6ACFD4B2AFBFB600055F639 /* Release */ = {
			isa = XCBuildConfiguration;
			buildSettings = {
				ALWAYS_SEARCH_USER_PATHS = NO;
				ASSETCATALOG_COMPILER_GENERATE_SWIFT_ASSET_SYMBOL_EXTENSIONS = YES;
				CLANG_ANALYZER_NONNULL = YES;
				CLANG_ANALYZER_NUMBER_OBJECT_CONVERSION = YES_AGGRESSIVE;
				CLANG_CXX_LANGUAGE_STANDARD = "gnu++20";
				CLANG_ENABLE_MODULES = YES;
				CLANG_ENABLE_OBJC_ARC = YES;
				CLANG_ENABLE_OBJC_WEAK = YES;
				CLANG_WARN_BLOCK_CAPTURE_AUTORELEASING = YES;
				CLANG_WARN_BOOL_CONVERSION = YES;
				CLANG_WARN_COMMA = YES;
				CLANG_WARN_CONSTANT_CONVERSION = YES;
				CLANG_WARN_DEPRECATED_OBJC_IMPLEMENTATIONS = YES;
				CLANG_WARN_DIRECT_OBJC_ISA_USAGE = YES_ERROR;
				CLANG_WARN_DOCUMENTATION_COMMENTS = YES;
				CLANG_WARN_EMPTY_BODY = YES;
				CLANG_WARN_ENUM_CONVERSION = YES;
				CLANG_WARN_INFINITE_RECURSION = YES;
				CLANG_WARN_INT_CONVERSION = YES;
				CLANG_WARN_NON_LITERAL_NULL_CONVERSION = YES;
				CLANG_WARN_OBJC_IMPLICIT_RETAIN_SELF = YES;
				CLANG_WARN_OBJC_LITERAL_CONVERSION = YES;
				CLANG_WARN_OBJC_ROOT_CLASS = YES_ERROR;
				CLANG_WARN_QUOTED_INCLUDE_IN_FRAMEWORK_HEADER = YES;
				CLANG_WARN_RANGE_LOOP_ANALYSIS = YES;
				CLANG_WARN_STRICT_PROTOTYPES = YES;
				CLANG_WARN_SUSPICIOUS_MOVE = YES;
				CLANG_WARN_UNGUARDED_AVAILABILITY = YES_AGGRESSIVE;
				CLANG_WARN_UNREACHABLE_CODE = YES;
				CLANG_WARN__DUPLICATE_METHOD_MATCH = YES;
				COPY_PHASE_STRIP = NO;
				DEBUG_INFORMATION_FORMAT = "dwarf-with-dsym";
				ENABLE_NS_ASSERTIONS = NO;
				ENABLE_STRICT_OBJC_MSGSEND = YES;
				ENABLE_USER_SCRIPT_SANDBOXING = YES;
				GCC_C_LANGUAGE_STANDARD = gnu17;
				GCC_NO_COMMON_BLOCKS = YES;
				GCC_WARN_64_TO_32_BIT_CONVERSION = YES;
				GCC_WARN_ABOUT_RETURN_TYPE = YES_ERROR;
				GCC_WARN_UNDECLARED_SELECTOR = YES;
				GCC_WARN_UNINITIALIZED_AUTOS = YES_AGGRESSIVE;
				GCC_WARN_UNUSED_FUNCTION = YES;
				GCC_WARN_UNUSED_VARIABLE = YES;
				IPHONEOS_DEPLOYMENT_TARGET = 17.0;
				LOCALIZATION_PREFERS_STRING_CATALOGS = YES;
				MTL_ENABLE_DEBUG_INFO = NO;
				MTL_FAST_MATH = YES;
				SDKROOT = iphoneos;
				SWIFT_COMPILATION_MODE = wholemodule;
				VALIDATE_PRODUCT = YES;
			};
			name = Release;
		};
		D6ACFD4D2AFBFB600055F639 /* Debug */ = {
			isa = XCBuildConfiguration;
			buildSettings = {
				ASSETCATALOG_COMPILER_APPICON_NAME = AppIcon;
				ASSETCATALOG_COMPILER_GLOBAL_ACCENT_COLOR_NAME = AccentColor;
				CODE_SIGN_STYLE = Automatic;
				CURRENT_PROJECT_VERSION = 1;
				DEVELOPMENT_ASSET_PATHS = "\"GrenadineChat/Preview Content\"";
				ENABLE_PREVIEWS = YES;
				GENERATE_INFOPLIST_FILE = YES;
				INFOPLIST_KEY_UIApplicationSceneManifest_Generation = YES;
				INFOPLIST_KEY_UIApplicationSupportsIndirectInputEvents = YES;
				INFOPLIST_KEY_UILaunchScreen_Generation = YES;
				INFOPLIST_KEY_UISupportedInterfaceOrientations_iPad = "UIInterfaceOrientationPortrait UIInterfaceOrientationPortraitUpsideDown UIInterfaceOrientationLandscapeLeft UIInterfaceOrientationLandscapeRight";
				INFOPLIST_KEY_UISupportedInterfaceOrientations_iPhone = "UIInterfaceOrientationPortrait UIInterfaceOrientationLandscapeLeft UIInterfaceOrientationLandscapeRight";
				LD_RUNPATH_SEARCH_PATHS = (
					"$(inherited)",
					"@executable_path/Frameworks",
				);
				MARKETING_VERSION = 1.0;
				PRODUCT_BUNDLE_IDENTIFIER = "stream-example-app.GrenadineChat";
				PRODUCT_NAME = "$(TARGET_NAME)";
				SWIFT_EMIT_LOC_STRINGS = YES;
				SWIFT_VERSION = 5.0;
				TARGETED_DEVICE_FAMILY = "1,2";
			};
			name = Debug;
		};
		D6ACFD4E2AFBFB600055F639 /* Release */ = {
			isa = XCBuildConfiguration;
			buildSettings = {
				ASSETCATALOG_COMPILER_APPICON_NAME = AppIcon;
				ASSETCATALOG_COMPILER_GLOBAL_ACCENT_COLOR_NAME = AccentColor;
				CODE_SIGN_STYLE = Automatic;
				CURRENT_PROJECT_VERSION = 1;
				DEVELOPMENT_ASSET_PATHS = "\"GrenadineChat/Preview Content\"";
				ENABLE_PREVIEWS = YES;
				GENERATE_INFOPLIST_FILE = YES;
				INFOPLIST_KEY_UIApplicationSceneManifest_Generation = YES;
				INFOPLIST_KEY_UIApplicationSupportsIndirectInputEvents = YES;
				INFOPLIST_KEY_UILaunchScreen_Generation = YES;
				INFOPLIST_KEY_UISupportedInterfaceOrientations_iPad = "UIInterfaceOrientationPortrait UIInterfaceOrientationPortraitUpsideDown UIInterfaceOrientationLandscapeLeft UIInterfaceOrientationLandscapeRight";
				INFOPLIST_KEY_UISupportedInterfaceOrientations_iPhone = "UIInterfaceOrientationPortrait UIInterfaceOrientationLandscapeLeft UIInterfaceOrientationLandscapeRight";
				LD_RUNPATH_SEARCH_PATHS = (
					"$(inherited)",
					"@executable_path/Frameworks",
				);
				MARKETING_VERSION = 1.0;
				PRODUCT_BUNDLE_IDENTIFIER = "stream-example-app.GrenadineChat";
				PRODUCT_NAME = "$(TARGET_NAME)";
				SWIFT_EMIT_LOC_STRINGS = YES;
				SWIFT_VERSION = 5.0;
				TARGETED_DEVICE_FAMILY = "1,2";
			};
			name = Release;
		};
/* End XCBuildConfiguration section */

/* Begin XCConfigurationList section */
		D6ACFD392AFBFB5E0055F639 /* Build configuration list for PBXProject "GrenadineChat" */ = {
			isa = XCConfigurationList;
			buildConfigurations = (
				D6ACFD4A2AFBFB600055F639 /* Debug */,
				D6ACFD4B2AFBFB600055F639 /* Release */,
			);
			defaultConfigurationIsVisible = 0;
			defaultConfigurationName = Release;
		};
		D6ACFD4C2AFBFB600055F639 /* Build configuration list for PBXNativeTarget "GrenadineChat" */ = {
			isa = XCConfigurationList;
			buildConfigurations = (
				D6ACFD4D2AFBFB600055F639 /* Debug */,
				D6ACFD4E2AFBFB600055F639 /* Release */,
			);
			defaultConfigurationIsVisible = 0;
			defaultConfigurationName = Release;
		};
/* End XCConfigurationList section */

/* Begin XCRemoteSwiftPackageReference section */
		D6A6E3E62AFBFE63000C823B /* XCRemoteSwiftPackageReference "stream-chat-swiftui" */ = {
			isa = XCRemoteSwiftPackageReference;
			repositoryURL = "https://github.com/getstream/stream-chat-swiftui";
			requirement = {
				kind = upToNextMajorVersion;
				minimumVersion = 4.41.0;
			};
		};
		D6A6E3E92AFBFECD000C823B /* XCRemoteSwiftPackageReference "firebase-ios-sdk" */ = {
			isa = XCRemoteSwiftPackageReference;
			repositoryURL = "https://github.com/firebase/firebase-ios-sdk";
			requirement = {
				kind = upToNextMajorVersion;
				minimumVersion = 10.17.0;
			};
		};
/* End XCRemoteSwiftPackageReference section */

/* Begin XCSwiftPackageProductDependency section */
		D6A6E3E72AFBFE63000C823B /* StreamChatSwiftUI */ = {
			isa = XCSwiftPackageProductDependency;
			package = D6A6E3E62AFBFE63000C823B /* XCRemoteSwiftPackageReference "stream-chat-swiftui" */;
			productName = StreamChatSwiftUI;
		};
		D6A6E3EA2AFBFECD000C823B /* FirebaseAnalytics */ = {
			isa = XCSwiftPackageProductDependency;
			package = D6A6E3E92AFBFECD000C823B /* XCRemoteSwiftPackageReference "firebase-ios-sdk" */;
			productName = FirebaseAnalytics;
		};
		D6A6E3EC2AFBFECD000C823B /* FirebaseAnalyticsOnDeviceConversion */ = {
			isa = XCSwiftPackageProductDependency;
			package = D6A6E3E92AFBFECD000C823B /* XCRemoteSwiftPackageReference "firebase-ios-sdk" */;
			productName = FirebaseAnalyticsOnDeviceConversion;
		};
		D6A6E3EE2AFBFECD000C823B /* FirebaseAnalyticsSwift */ = {
			isa = XCSwiftPackageProductDependency;
			package = D6A6E3E92AFBFECD000C823B /* XCRemoteSwiftPackageReference "firebase-ios-sdk" */;
			productName = FirebaseAnalyticsSwift;
		};
		D6A6E3F02AFBFECE000C823B /* FirebaseAnalyticsWithoutAdIdSupport */ = {
			isa = XCSwiftPackageProductDependency;
			package = D6A6E3E92AFBFECD000C823B /* XCRemoteSwiftPackageReference "firebase-ios-sdk" */;
			productName = FirebaseAnalyticsWithoutAdIdSupport;
		};
		D6A6E3F22AFBFECE000C823B /* FirebaseAppCheck */ = {
			isa = XCSwiftPackageProductDependency;
			package = D6A6E3E92AFBFECD000C823B /* XCRemoteSwiftPackageReference "firebase-ios-sdk" */;
			productName = FirebaseAppCheck;
		};
		D6DBE8262AFD14AA00EAC47A /* FirebaseAuth */ = {
			isa = XCSwiftPackageProductDependency;
			package = D6A6E3E92AFBFECD000C823B /* XCRemoteSwiftPackageReference "firebase-ios-sdk" */;
			productName = FirebaseAuth;
		};
/* End XCSwiftPackageProductDependency section */
	};
	rootObject = D6ACFD362AFBFB5E0055F639 /* Project object */;
}
